// !$*UTF8*$!
{
	archiveVersion = 1;
	classes = {
	};
	objectVersion = 50;
	objects = {

/* Begin PBXBuildFile section */
		A83D4820268D8C9400F073C3 /* AppDelegate.swift in Sources */ = {isa = PBXBuildFile; fileRef = A83D481F268D8C9400F073C3 /* AppDelegate.swift */; };
		A83D4822268D8C9400F073C3 /* SceneDelegate.swift in Sources */ = {isa = PBXBuildFile; fileRef = A83D4821268D8C9400F073C3 /* SceneDelegate.swift */; };
		A83D4824268D8C9400F073C3 /* ViewController.swift in Sources */ = {isa = PBXBuildFile; fileRef = A83D4823268D8C9400F073C3 /* ViewController.swift */; };
		A83D4827268D8C9400F073C3 /* Main.storyboard in Resources */ = {isa = PBXBuildFile; fileRef = A83D4825268D8C9400F073C3 /* Main.storyboard */; };
		A83D4829268D8C9700F073C3 /* Assets.xcassets in Resources */ = {isa = PBXBuildFile; fileRef = A83D4828268D8C9700F073C3 /* Assets.xcassets */; };
		A83D482C268D8C9700F073C3 /* LaunchScreen.storyboard in Resources */ = {isa = PBXBuildFile; fileRef = A83D482A268D8C9700F073C3 /* LaunchScreen.storyboard */; };
		A83D4837268D8C9700F073C3 /* gongbuTests.swift in Sources */ = {isa = PBXBuildFile; fileRef = A83D4836268D8C9700F073C3 /* gongbuTests.swift */; };
		A83D4842268D8C9700F073C3 /* gongbuUITests.swift in Sources */ = {isa = PBXBuildFile; fileRef = A83D4841268D8C9700F073C3 /* gongbuUITests.swift */; };
/* End PBXBuildFile section */

/* Begin PBXContainerItemProxy section */
		A83D4833268D8C9700F073C3 /* PBXContainerItemProxy */ = {
			isa = PBXContainerItemProxy;
			containerPortal = A83D4814268D8C9400F073C3 /* Project object */;
			proxyType = 1;
			remoteGlobalIDString = A83D481B268D8C9400F073C3;
			remoteInfo = gongbu;
		};
		A83D483E268D8C9700F073C3 /* PBXContainerItemProxy */ = {
			isa = PBXContainerItemProxy;
			containerPortal = A83D4814268D8C9400F073C3 /* Project object */;
			proxyType = 1;
			remoteGlobalIDString = A83D481B268D8C9400F073C3;
			remoteInfo = gongbu;
		};
/* End PBXContainerItemProxy section */

/* Begin PBXFileReference section */
		A83D481C268D8C9400F073C3 /* gongbu.app */ = {isa = PBXFileReference; explicitFileType = wrapper.application; includeInIndex = 0; path = gongbu.app; sourceTree = BUILT_PRODUCTS_DIR; };
		A83D481F268D8C9400F073C3 /* AppDelegate.swift */ = {isa = PBXFileReference; lastKnownFileType = sourcecode.swift; path = AppDelegate.swift; sourceTree = "<group>"; };
		A83D4821268D8C9400F073C3 /* SceneDelegate.swift */ = {isa = PBXFileReference; lastKnownFileType = sourcecode.swift; path = SceneDelegate.swift; sourceTree = "<group>"; };
		A83D4823268D8C9400F073C3 /* ViewController.swift */ = {isa = PBXFileReference; lastKnownFileType = sourcecode.swift; path = ViewController.swift; sourceTree = "<group>"; };
		A83D4826268D8C9400F073C3 /* Base */ = {isa = PBXFileReference; lastKnownFileType = file.storyboard; name = Base; path = Base.lproj/Main.storyboard; sourceTree = "<group>"; };
		A83D4828268D8C9700F073C3 /* Assets.xcassets */ = {isa = PBXFileReference; lastKnownFileType = folder.assetcatalog; path = Assets.xcassets; sourceTree = "<group>"; };
		A83D482B268D8C9700F073C3 /* Base */ = {isa = PBXFileReference; lastKnownFileType = file.storyboard; name = Base; path = Base.lproj/LaunchScreen.storyboard; sourceTree = "<group>"; };
		A83D482D268D8C9700F073C3 /* Info.plist */ = {isa = PBXFileReference; lastKnownFileType = text.plist.xml; path = Info.plist; sourceTree = "<group>"; };
		A83D4832268D8C9700F073C3 /* gongbuTests.xctest */ = {isa = PBXFileReference; explicitFileType = wrapper.cfbundle; includeInIndex = 0; path = gongbuTests.xctest; sourceTree = BUILT_PRODUCTS_DIR; };
		A83D4836268D8C9700F073C3 /* gongbuTests.swift */ = {isa = PBXFileReference; lastKnownFileType = sourcecode.swift; path = gongbuTests.swift; sourceTree = "<group>"; };
		A83D4838268D8C9700F073C3 /* Info.plist */ = {isa = PBXFileReference; lastKnownFileType = text.plist.xml; path = Info.plist; sourceTree = "<group>"; };
		A83D483D268D8C9700F073C3 /* gongbuUITests.xctest */ = {isa = PBXFileReference; explicitFileType = wrapper.cfbundle; includeInIndex = 0; path = gongbuUITests.xctest; sourceTree = BUILT_PRODUCTS_DIR; };
		A83D4841268D8C9700F073C3 /* gongbuUITests.swift */ = {isa = PBXFileReference; lastKnownFileType = sourcecode.swift; path = gongbuUITests.swift; sourceTree = "<group>"; };
		A83D4843268D8C9700F073C3 /* Info.plist */ = {isa = PBXFileReference; lastKnownFileType = text.plist.xml; path = Info.plist; sourceTree = "<group>"; };
/* End PBXFileReference section */

/* Begin PBXFrameworksBuildPhase section */
		A83D4819268D8C9400F073C3 /* Frameworks */ = {
			isa = PBXFrameworksBuildPhase;
			buildActionMask = 2147483647;
			files = (
			);
			runOnlyForDeploymentPostprocessing = 0;
		};
		A83D482F268D8C9700F073C3 /* Frameworks */ = {
			isa = PBXFrameworksBuildPhase;
			buildActionMask = 2147483647;
			files = (
			);
			runOnlyForDeploymentPostprocessing = 0;
		};
		A83D483A268D8C9700F073C3 /* Frameworks */ = {
			isa = PBXFrameworksBuildPhase;
			buildActionMask = 2147483647;
			files = (
			);
			runOnlyForDeploymentPostprocessing = 0;
		};
/* End PBXFrameworksBuildPhase section */

/* Begin PBXGroup section */
		A83D4813268D8C9400F073C3 = {
			isa = PBXGroup;
			children = (
				A83D481E268D8C9400F073C3 /* gongbu */,
				A83D4835268D8C9700F073C3 /* gongbuTests */,
				A83D4840268D8C9700F073C3 /* gongbuUITests */,
				A83D481D268D8C9400F073C3 /* Products */,
			);
			sourceTree = "<group>";
		};
		A83D481D268D8C9400F073C3 /* Products */ = {
			isa = PBXGroup;
			children = (
				A83D481C268D8C9400F073C3 /* gongbu.app */,
				A83D4832268D8C9700F073C3 /* gongbuTests.xctest */,
				A83D483D268D8C9700F073C3 /* gongbuUITests.xctest */,
			);
			name = Products;
			sourceTree = "<group>";
		};
		A83D481E268D8C9400F073C3 /* gongbu */ = {
			isa = PBXGroup;
			children = (
				A83D481F268D8C9400F073C3 /* AppDelegate.swift */,
				A83D4821268D8C9400F073C3 /* SceneDelegate.swift */,
				A83D4823268D8C9400F073C3 /* ViewController.swift */,
				A83D4825268D8C9400F073C3 /* Main.storyboard */,
				A83D4828268D8C9700F073C3 /* Assets.xcassets */,
				A83D482A268D8C9700F073C3 /* LaunchScreen.storyboard */,
				A83D482D268D8C9700F073C3 /* Info.plist */,
			);
			path = gongbu;
			sourceTree = "<group>";
		};
		A83D4835268D8C9700F073C3 /* gongbuTests */ = {
			isa = PBXGroup;
			children = (
				A83D4836268D8C9700F073C3 /* gongbuTests.swift */,
				A83D4838268D8C9700F073C3 /* Info.plist */,
			);
			path = gongbuTests;
			sourceTree = "<group>";
		};
		A83D4840268D8C9700F073C3 /* gongbuUITests */ = {
			isa = PBXGroup;
			children = (
				A83D4841268D8C9700F073C3 /* gongbuUITests.swift */,
				A83D4843268D8C9700F073C3 /* Info.plist */,
			);
			path = gongbuUITests;
			sourceTree = "<group>";
		};
/* End PBXGroup section */

/* Begin PBXNativeTarget section */
		A83D481B268D8C9400F073C3 /* gongbu */ = {
			isa = PBXNativeTarget;
			buildConfigurationList = A83D4846268D8C9700F073C3 /* Build configuration list for PBXNativeTarget "gongbu" */;
			buildPhases = (
				A83D4818268D8C9400F073C3 /* Sources */,
				A83D4819268D8C9400F073C3 /* Frameworks */,
				A83D481A268D8C9400F073C3 /* Resources */,
			);
			buildRules = (
			);
			dependencies = (
			);
			name = gongbu;
			productName = gongbu;
			productReference = A83D481C268D8C9400F073C3 /* gongbu.app */;
			productType = "com.apple.product-type.application";
		};
		A83D4831268D8C9700F073C3 /* gongbuTests */ = {
			isa = PBXNativeTarget;
			buildConfigurationList = A83D4849268D8C9700F073C3 /* Build configuration list for PBXNativeTarget "gongbuTests" */;
			buildPhases = (
				A83D482E268D8C9700F073C3 /* Sources */,
				A83D482F268D8C9700F073C3 /* Frameworks */,
				A83D4830268D8C9700F073C3 /* Resources */,
			);
			buildRules = (
			);
			dependencies = (
				A83D4834268D8C9700F073C3 /* PBXTargetDependency */,
			);
			name = gongbuTests;
			productName = gongbuTests;
			productReference = A83D4832268D8C9700F073C3 /* gongbuTests.xctest */;
			productType = "com.apple.product-type.bundle.unit-test";
		};
		A83D483C268D8C9700F073C3 /* gongbuUITests */ = {
			isa = PBXNativeTarget;
			buildConfigurationList = A83D484C268D8C9700F073C3 /* Build configuration list for PBXNativeTarget "gongbuUITests" */;
			buildPhases = (
				A83D4839268D8C9700F073C3 /* Sources */,
				A83D483A268D8C9700F073C3 /* Frameworks */,
				A83D483B268D8C9700F073C3 /* Resources */,
			);
			buildRules = (
			);
			dependencies = (
				A83D483F268D8C9700F073C3 /* PBXTargetDependency */,
			);
			name = gongbuUITests;
			productName = gongbuUITests;
			productReference = A83D483D268D8C9700F073C3 /* gongbuUITests.xctest */;
			productType = "com.apple.product-type.bundle.ui-testing";
		};
/* End PBXNativeTarget section */

/* Begin PBXProject section */
		A83D4814268D8C9400F073C3 /* Project object */ = {
			isa = PBXProject;
			attributes = {
				LastSwiftUpdateCheck = 1250;
				LastUpgradeCheck = 1250;
				TargetAttributes = {
					A83D481B268D8C9400F073C3 = {
						CreatedOnToolsVersion = 12.5;
					};
					A83D4831268D8C9700F073C3 = {
						CreatedOnToolsVersion = 12.5;
						TestTargetID = A83D481B268D8C9400F073C3;
					};
					A83D483C268D8C9700F073C3 = {
						CreatedOnToolsVersion = 12.5;
						TestTargetID = A83D481B268D8C9400F073C3;
					};
				};
			};
			buildConfigurationList = A83D4817268D8C9400F073C3 /* Build configuration list for PBXProject "gongbu" */;
			compatibilityVersion = "Xcode 9.3";
			developmentRegion = en;
			hasScannedForEncodings = 0;
			knownRegions = (
				en,
				Base,
			);
			mainGroup = A83D4813268D8C9400F073C3;
			productRefGroup = A83D481D268D8C9400F073C3 /* Products */;
			projectDirPath = "";
			projectRoot = "";
			targets = (
				A83D481B268D8C9400F073C3 /* gongbu */,
				A83D4831268D8C9700F073C3 /* gongbuTests */,
				A83D483C268D8C9700F073C3 /* gongbuUITests */,
			);
		};
/* End PBXProject section */

/* Begin PBXResourcesBuildPhase section */
		A83D481A268D8C9400F073C3 /* Resources */ = {
			isa = PBXResourcesBuildPhase;
			buildActionMask = 2147483647;
			files = (
				A83D482C268D8C9700F073C3 /* LaunchScreen.storyboard in Resources */,
				A83D4829268D8C9700F073C3 /* Assets.xcassets in Resources */,
				A83D4827268D8C9400F073C3 /* Main.storyboard in Resources */,
			);
			runOnlyForDeploymentPostprocessing = 0;
		};
		A83D4830268D8C9700F073C3 /* Resources */ = {
			isa = PBXResourcesBuildPhase;
			buildActionMask = 2147483647;
			files = (
			);
			runOnlyForDeploymentPostprocessing = 0;
		};
		A83D483B268D8C9700F073C3 /* Resources */ = {
			isa = PBXResourcesBuildPhase;
			buildActionMask = 2147483647;
			files = (
			);
			runOnlyForDeploymentPostprocessing = 0;
		};
/* End PBXResourcesBuildPhase section */

/* Begin PBXSourcesBuildPhase section */
		A83D4818268D8C9400F073C3 /* Sources */ = {
			isa = PBXSourcesBuildPhase;
			buildActionMask = 2147483647;
			files = (
				A83D4824268D8C9400F073C3 /* ViewController.swift in Sources */,
				A83D4820268D8C9400F073C3 /* AppDelegate.swift in Sources */,
				A83D4822268D8C9400F073C3 /* SceneDelegate.swift in Sources */,
			);
			runOnlyForDeploymentPostprocessing = 0;
		};
		A83D482E268D8C9700F073C3 /* Sources */ = {
			isa = PBXSourcesBuildPhase;
			buildActionMask = 2147483647;
			files = (
				A83D4837268D8C9700F073C3 /* gongbuTests.swift in Sources */,
			);
			runOnlyForDeploymentPostprocessing = 0;
		};
		A83D4839268D8C9700F073C3 /* Sources */ = {
			isa = PBXSourcesBuildPhase;
			buildActionMask = 2147483647;
			files = (
				A83D4842268D8C9700F073C3 /* gongbuUITests.swift in Sources */,
			);
			runOnlyForDeploymentPostprocessing = 0;
		};
/* End PBXSourcesBuildPhase section */

/* Begin PBXTargetDependency section */
		A83D4834268D8C9700F073C3 /* PBXTargetDependency */ = {
			isa = PBXTargetDependency;
			target = A83D481B268D8C9400F073C3 /* gongbu */;
			targetProxy = A83D4833268D8C9700F073C3 /* PBXContainerItemProxy */;
		};
		A83D483F268D8C9700F073C3 /* PBXTargetDependency */ = {
			isa = PBXTargetDependency;
			target = A83D481B268D8C9400F073C3 /* gongbu */;
			targetProxy = A83D483E268D8C9700F073C3 /* PBXContainerItemProxy */;
		};
/* End PBXTargetDependency section */

/* Begin PBXVariantGroup section */
		A83D4825268D8C9400F073C3 /* Main.storyboard */ = {
			isa = PBXVariantGroup;
			children = (
				A83D4826268D8C9400F073C3 /* Base */,
			);
			name = Main.storyboard;
			sourceTree = "<group>";
		};
		A83D482A268D8C9700F073C3 /* LaunchScreen.storyboard */ = {
			isa = PBXVariantGroup;
			children = (
				A83D482B268D8C9700F073C3 /* Base */,
			);
			name = LaunchScreen.storyboard;
			sourceTree = "<group>";
		};
/* End PBXVariantGroup section */

/* Begin XCBuildConfiguration section */
		A83D4844268D8C9700F073C3 /* Debug */ = {
			isa = XCBuildConfiguration;
			buildSettings = {
				ALWAYS_SEARCH_USER_PATHS = NO;
				CLANG_ANALYZER_NONNULL = YES;
				CLANG_ANALYZER_NUMBER_OBJECT_CONVERSION = YES_AGGRESSIVE;
				CLANG_CXX_LANGUAGE_STANDARD = "gnu++14";
				CLANG_CXX_LIBRARY = "libc++";
				CLANG_ENABLE_MODULES = YES;
				CLANG_ENABLE_OBJC_ARC = YES;
				CLANG_ENABLE_OBJC_WEAK = YES;
				CLANG_WARN_BLOCK_CAPTURE_AUTORELEASING = YES;
				CLANG_WARN_BOOL_CONVERSION = YES;
				CLANG_WARN_COMMA = YES;
				CLANG_WARN_CONSTANT_CONVERSION = YES;
				CLANG_WARN_DEPRECATED_OBJC_IMPLEMENTATIONS = YES;
				CLANG_WARN_DIRECT_OBJC_ISA_USAGE = YES_ERROR;
				CLANG_WARN_DOCUMENTATION_COMMENTS = YES;
				CLANG_WARN_EMPTY_BODY = YES;
				CLANG_WARN_ENUM_CONVERSION = YES;
				CLANG_WARN_INFINITE_RECURSION = YES;
				CLANG_WARN_INT_CONVERSION = YES;
				CLANG_WARN_NON_LITERAL_NULL_CONVERSION = YES;
				CLANG_WARN_OBJC_IMPLICIT_RETAIN_SELF = YES;
				CLANG_WARN_OBJC_LITERAL_CONVERSION = YES;
				CLANG_WARN_OBJC_ROOT_CLASS = YES_ERROR;
				CLANG_WARN_QUOTED_INCLUDE_IN_FRAMEWORK_HEADER = YES;
				CLANG_WARN_RANGE_LOOP_ANALYSIS = YES;
				CLANG_WARN_STRICT_PROTOTYPES = YES;
				CLANG_WARN_SUSPICIOUS_MOVE = YES;
				CLANG_WARN_UNGUARDED_AVAILABILITY = YES_AGGRESSIVE;
				CLANG_WARN_UNREACHABLE_CODE = YES;
				CLANG_WARN__DUPLICATE_METHOD_MATCH = YES;
				COPY_PHASE_STRIP = NO;
				DEBUG_INFORMATION_FORMAT = dwarf;
				ENABLE_STRICT_OBJC_MSGSEND = YES;
				ENABLE_TESTABILITY = YES;
				GCC_C_LANGUAGE_STANDARD = gnu11;
				GCC_DYNAMIC_NO_PIC = NO;
				GCC_NO_COMMON_BLOCKS = YES;
				GCC_OPTIMIZATION_LEVEL = 0;
				GCC_PREPROCESSOR_DEFINITIONS = (
					"DEBUG=1",
					"$(inherited)",
				);
				GCC_WARN_64_TO_32_BIT_CONVERSION = YES;
				GCC_WARN_ABOUT_RETURN_TYPE = YES_ERROR;
				GCC_WARN_UNDECLARED_SELECTOR = YES;
				GCC_WARN_UNINITIALIZED_AUTOS = YES_AGGRESSIVE;
				GCC_WARN_UNUSED_FUNCTION = YES;
				GCC_WARN_UNUSED_VARIABLE = YES;
				IPHONEOS_DEPLOYMENT_TARGET = 14.5;
				MTL_ENABLE_DEBUG_INFO = INCLUDE_SOURCE;
				MTL_FAST_MATH = YES;
				ONLY_ACTIVE_ARCH = YES;
				SDKROOT = iphoneos;
				SWIFT_ACTIVE_COMPILATION_CONDITIONS = DEBUG;
				SWIFT_OPTIMIZATION_LEVEL = "-Onone";
			};
			name = Debug;
		};
		A83D4845268D8C9700F073C3 /* Release */ = {
			isa = XCBuildConfiguration;
			buildSettings = {
				ALWAYS_SEARCH_USER_PATHS = NO;
				CLANG_ANALYZER_NONNULL = YES;
				CLANG_ANALYZER_NUMBER_OBJECT_CONVERSION = YES_AGGRESSIVE;
				CLANG_CXX_LANGUAGE_STANDARD = "gnu++14";
				CLANG_CXX_LIBRARY = "libc++";
				CLANG_ENABLE_MODULES = YES;
				CLANG_ENABLE_OBJC_ARC = YES;
				CLANG_ENABLE_OBJC_WEAK = YES;
				CLANG_WARN_BLOCK_CAPTURE_AUTORELEASING = YES;
				CLANG_WARN_BOOL_CONVERSION = YES;
				CLANG_WARN_COMMA = YES;
				CLANG_WARN_CONSTANT_CONVERSION = YES;
				CLANG_WARN_DEPRECATED_OBJC_IMPLEMENTATIONS = YES;
				CLANG_WARN_DIRECT_OBJC_ISA_USAGE = YES_ERROR;
				CLANG_WARN_DOCUMENTATION_COMMENTS = YES;
				CLANG_WARN_EMPTY_BODY = YES;
				CLANG_WARN_ENUM_CONVERSION = YES;
				CLANG_WARN_INFINITE_RECURSION = YES;
				CLANG_WARN_INT_CONVERSION = YES;
				CLANG_WARN_NON_LITERAL_NULL_CONVERSION = YES;
				CLANG_WARN_OBJC_IMPLICIT_RETAIN_SELF = YES;
				CLANG_WARN_OBJC_LITERAL_CONVERSION = YES;
				CLANG_WARN_OBJC_ROOT_CLASS = YES_ERROR;
				CLANG_WARN_QUOTED_INCLUDE_IN_FRAMEWORK_HEADER = YES;
				CLANG_WARN_RANGE_LOOP_ANALYSIS = YES;
				CLANG_WARN_STRICT_PROTOTYPES = YES;
				CLANG_WARN_SUSPICIOUS_MOVE = YES;
				CLANG_WARN_UNGUARDED_AVAILABILITY = YES_AGGRESSIVE;
				CLANG_WARN_UNREACHABLE_CODE = YES;
				CLANG_WARN__DUPLICATE_METHOD_MATCH = YES;
				COPY_PHASE_STRIP = NO;
				DEBUG_INFORMATION_FORMAT = "dwarf-with-dsym";
				ENABLE_NS_ASSERTIONS = NO;
				ENABLE_STRICT_OBJC_MSGSEND = YES;
				GCC_C_LANGUAGE_STANDARD = gnu11;
				GCC_NO_COMMON_BLOCKS = YES;
				GCC_WARN_64_TO_32_BIT_CONVERSION = YES;
				GCC_WARN_ABOUT_RETURN_TYPE = YES_ERROR;
				GCC_WARN_UNDECLARED_SELECTOR = YES;
				GCC_WARN_UNINITIALIZED_AUTOS = YES_AGGRESSIVE;
				GCC_WARN_UNUSED_FUNCTION = YES;
				GCC_WARN_UNUSED_VARIABLE = YES;
				IPHONEOS_DEPLOYMENT_TARGET = 14.5;
				MTL_ENABLE_DEBUG_INFO = NO;
				MTL_FAST_MATH = YES;
				SDKROOT = iphoneos;
				SWIFT_COMPILATION_MODE = wholemodule;
				SWIFT_OPTIMIZATION_LEVEL = "-O";
				VALIDATE_PRODUCT = YES;
			};
			name = Release;
		};
		A83D4847268D8C9700F073C3 /* Debug */ = {
			isa = XCBuildConfiguration;
			buildSettings = {
				ASSETCATALOG_COMPILER_APPICON_NAME = AppIcon;
				ASSETCATALOG_COMPILER_GLOBAL_ACCENT_COLOR_NAME = AccentColor;
				CODE_SIGN_STYLE = Automatic;
				DEVELOPMENT_TEAM = ZMXTCSPNUZ;
				INFOPLIST_FILE = gongbu/Info.plist;
				LD_RUNPATH_SEARCH_PATHS = (
					"$(inherited)",
					"@executable_path/Frameworks",
				);
				PRODUCT_BUNDLE_IDENTIFIER = ITlearning.gongbu;
				PRODUCT_NAME = "$(TARGET_NAME)";
				SWIFT_VERSION = 5.0;
				TARGETED_DEVICE_FAMILY = "1,2";
			};
			name = Debug;
		};
		A83D4848268D8C9700F073C3 /* Release */ = {
			isa = XCBuildConfiguration;
			buildSettings = {
				ASSETCATALOG_COMPILER_APPICON_NAME = AppIcon;
				ASSETCATALOG_COMPILER_GLOBAL_ACCENT_COLOR_NAME = AccentColor;
				CODE_SIGN_STYLE = Automatic;
				DEVELOPMENT_TEAM = ZMXTCSPNUZ;
				INFOPLIST_FILE = gongbu/Info.plist;
				LD_RUNPATH_SEARCH_PATHS = (
					"$(inherited)",
					"@executable_path/Frameworks",
				);
				PRODUCT_BUNDLE_IDENTIFIER = ITlearning.gongbu;
				PRODUCT_NAME = "$(TARGET_NAME)";
				SWIFT_VERSION = 5.0;
				TARGETED_DEVICE_FAMILY = "1,2";
			};
			name = Release;
		};
		A83D484A268D8C9700F073C3 /* Debug */ = {
			isa = XCBuildConfiguration;
			buildSettings = {
				ALWAYS_EMBED_SWIFT_STANDARD_LIBRARIES = YES;
				BUNDLE_LOADER = "$(TEST_HOST)";
				CODE_SIGN_STYLE = Automatic;
				DEVELOPMENT_TEAM = ZMXTCSPNUZ;
				INFOPLIST_FILE = gongbuTests/Info.plist;
				IPHONEOS_DEPLOYMENT_TARGET = 14.5;
				LD_RUNPATH_SEARCH_PATHS = (
					"$(inherited)",
					"@executable_path/Frameworks",
					"@loader_path/Frameworks",
				);
				PRODUCT_BUNDLE_IDENTIFIER = ITlearning.gongbuTests;
				PRODUCT_NAME = "$(TARGET_NAME)";
				SWIFT_VERSION = 5.0;
				TARGETED_DEVICE_FAMILY = "1,2";
				TEST_HOST = "$(BUILT_PRODUCTS_DIR)/gongbu.app/gongbu";
			};
			name = Debug;
		};
		A83D484B268D8C9700F073C3 /* Release */ = {
			isa = XCBuildConfiguration;
			buildSettings = {
				ALWAYS_EMBED_SWIFT_STANDARD_LIBRARIES = YES;
				BUNDLE_LOADER = "$(TEST_HOST)";
				CODE_SIGN_STYLE = Automatic;
				DEVELOPMENT_TEAM = ZMXTCSPNUZ;
				INFOPLIST_FILE = gongbuTests/Info.plist;
				IPHONEOS_DEPLOYMENT_TARGET = 14.5;
				LD_RUNPATH_SEARCH_PATHS = (
					"$(inherited)",
					"@executable_path/Frameworks",
					"@loader_path/Frameworks",
				);
				PRODUCT_BUNDLE_IDENTIFIER = ITlearning.gongbuTests;
				PRODUCT_NAME = "$(TARGET_NAME)";
				SWIFT_VERSION = 5.0;
				TARGETED_DEVICE_FAMILY = "1,2";
				TEST_HOST = "$(BUILT_PRODUCTS_DIR)/gongbu.app/gongbu";
			};
			name = Release;
		};
		A83D484D268D8C9700F073C3 /* Debug */ = {
			isa = XCBuildConfiguration;
			buildSettings = {
				ALWAYS_EMBED_SWIFT_STANDARD_LIBRARIES = YES;
				CODE_SIGN_STYLE = Automatic;
				DEVELOPMENT_TEAM = ZMXTCSPNUZ;
				INFOPLIST_FILE = gongbuUITests/Info.plist;
				LD_RUNPATH_SEARCH_PATHS = (
					"$(inherited)",
					"@executable_path/Frameworks",
					"@loader_path/Frameworks",
				);
				PRODUCT_BUNDLE_IDENTIFIER = ITlearning.gongbuUITests;
				PRODUCT_NAME = "$(TARGET_NAME)";
				SWIFT_VERSION = 5.0;
				TARGETED_DEVICE_FAMILY = "1,2";
				TEST_TARGET_NAME = gongbu;
			};
			name = Debug;
		};
		A83D484E268D8C9700F073C3 /* Release */ = {
			isa = XCBuildConfiguration;
			buildSettings = {
				ALWAYS_EMBED_SWIFT_STANDARD_LIBRARIES = YES;
				CODE_SIGN_STYLE = Automatic;
				DEVELOPMENT_TEAM = ZMXTCSPNUZ;
				INFOPLIST_FILE = gongbuUITests/Info.plist;
				LD_RUNPATH_SEARCH_PATHS = (
					"$(inherited)",
					"@executable_path/Frameworks",
					"@loader_path/Frameworks",
				);
				PRODUCT_BUNDLE_IDENTIFIER = ITlearning.gongbuUITests;
				PRODUCT_NAME = "$(TARGET_NAME)";
				SWIFT_VERSION = 5.0;
				TARGETED_DEVICE_FAMILY = "1,2";
				TEST_TARGET_NAME = gongbu;
			};
			name = Release;
		};
/* End XCBuildConfiguration section */

/* Begin XCConfigurationList section */
		A83D4817268D8C9400F073C3 /* Build configuration list for PBXProject "gongbu" */ = {
			isa = XCConfigurationList;
			buildConfigurations = (
				A83D4844268D8C9700F073C3 /* Debug */,
				A83D4845268D8C9700F073C3 /* Release */,
			);
			defaultConfigurationIsVisible = 0;
			defaultConfigurationName = Release;
		};
		A83D4846268D8C9700F073C3 /* Build configuration list for PBXNativeTarget "gongbu" */ = {
			isa = XCConfigurationList;
			buildConfigurations = (
				A83D4847268D8C9700F073C3 /* Debug */,
				A83D4848268D8C9700F073C3 /* Release */,
			);
			defaultConfigurationIsVisible = 0;
			defaultConfigurationName = Release;
		};
		A83D4849268D8C9700F073C3 /* Build configuration list for PBXNativeTarget "gongbuTests" */ = {
			isa = XCConfigurationList;
			buildConfigurations = (
				A83D484A268D8C9700F073C3 /* Debug */,
				A83D484B268D8C9700F073C3 /* Release */,
			);
			defaultConfigurationIsVisible = 0;
			defaultConfigurationName = Release;
		};
		A83D484C268D8C9700F073C3 /* Build configuration list for PBXNativeTarget "gongbuUITests" */ = {
			isa = XCConfigurationList;
			buildConfigurations = (
				A83D484D268D8C9700F073C3 /* Debug */,
				A83D484E268D8C9700F073C3 /* Release */,
			);
			defaultConfigurationIsVisible = 0;
			defaultConfigurationName = Release;
		};
/* End XCConfigurationList section */
	};
	rootObject = A83D4814268D8C9400F073C3 /* Project object */;
}
