// !$*UTF8*$!
{
	archiveVersion = 1;
	classes = {
	};
	objectVersion = 50;
	objects = {

/* Begin PBXBuildFile section */
		A8DF4A6E2664F85100256643 /* YouTubeUI_CloneApp.swift in Sources */ = {isa = PBXBuildFile; fileRef = A8DF4A6D2664F85100256643 /* YouTubeUI_CloneApp.swift */; };
		A8DF4A702664F85100256643 /* ContentView.swift in Sources */ = {isa = PBXBuildFile; fileRef = A8DF4A6F2664F85100256643 /* ContentView.swift */; };
		A8DF4A722664F85300256643 /* Assets.xcassets in Resources */ = {isa = PBXBuildFile; fileRef = A8DF4A712664F85300256643 /* Assets.xcassets */; };
		A8DF4A752664F85300256643 /* Preview Assets.xcassets in Resources */ = {isa = PBXBuildFile; fileRef = A8DF4A742664F85300256643 /* Preview Assets.xcassets */; };
		A8DF4A802664F85400256643 /* YouTubeUI_CloneTests.swift in Sources */ = {isa = PBXBuildFile; fileRef = A8DF4A7F2664F85400256643 /* YouTubeUI_CloneTests.swift */; };
		A8DF4A8B2664F85400256643 /* YouTubeUI_CloneUITests.swift in Sources */ = {isa = PBXBuildFile; fileRef = A8DF4A8A2664F85400256643 /* YouTubeUI_CloneUITests.swift */; };
/* End PBXBuildFile section */

/* Begin PBXContainerItemProxy section */
		A8DF4A7C2664F85400256643 /* PBXContainerItemProxy */ = {
			isa = PBXContainerItemProxy;
			containerPortal = A8DF4A622664F85100256643 /* Project object */;
			proxyType = 1;
			remoteGlobalIDString = A8DF4A692664F85100256643;
			remoteInfo = "YouTubeUI Clone";
		};
		A8DF4A872664F85400256643 /* PBXContainerItemProxy */ = {
			isa = PBXContainerItemProxy;
			containerPortal = A8DF4A622664F85100256643 /* Project object */;
			proxyType = 1;
			remoteGlobalIDString = A8DF4A692664F85100256643;
			remoteInfo = "YouTubeUI Clone";
		};
/* End PBXContainerItemProxy section */

/* Begin PBXFileReference section */
		A8DF4A6A2664F85100256643 /* YouTubeUI Clone.app */ = {isa = PBXFileReference; explicitFileType = wrapper.application; includeInIndex = 0; path = "YouTubeUI Clone.app"; sourceTree = BUILT_PRODUCTS_DIR; };
		A8DF4A6D2664F85100256643 /* YouTubeUI_CloneApp.swift */ = {isa = PBXFileReference; lastKnownFileType = sourcecode.swift; path = YouTubeUI_CloneApp.swift; sourceTree = "<group>"; };
		A8DF4A6F2664F85100256643 /* ContentView.swift */ = {isa = PBXFileReference; lastKnownFileType = sourcecode.swift; path = ContentView.swift; sourceTree = "<group>"; };
		A8DF4A712664F85300256643 /* Assets.xcassets */ = {isa = PBXFileReference; lastKnownFileType = folder.assetcatalog; path = Assets.xcassets; sourceTree = "<group>"; };
		A8DF4A742664F85300256643 /* Preview Assets.xcassets */ = {isa = PBXFileReference; lastKnownFileType = folder.assetcatalog; path = "Preview Assets.xcassets"; sourceTree = "<group>"; };
		A8DF4A762664F85300256643 /* Info.plist */ = {isa = PBXFileReference; lastKnownFileType = text.plist.xml; path = Info.plist; sourceTree = "<group>"; };
		A8DF4A7B2664F85400256643 /* YouTubeUI CloneTests.xctest */ = {isa = PBXFileReference; explicitFileType = wrapper.cfbundle; includeInIndex = 0; path = "YouTubeUI CloneTests.xctest"; sourceTree = BUILT_PRODUCTS_DIR; };
		A8DF4A7F2664F85400256643 /* YouTubeUI_CloneTests.swift */ = {isa = PBXFileReference; lastKnownFileType = sourcecode.swift; path = YouTubeUI_CloneTests.swift; sourceTree = "<group>"; };
		A8DF4A812664F85400256643 /* Info.plist */ = {isa = PBXFileReference; lastKnownFileType = text.plist.xml; path = Info.plist; sourceTree = "<group>"; };
		A8DF4A862664F85400256643 /* YouTubeUI CloneUITests.xctest */ = {isa = PBXFileReference; explicitFileType = wrapper.cfbundle; includeInIndex = 0; path = "YouTubeUI CloneUITests.xctest"; sourceTree = BUILT_PRODUCTS_DIR; };
		A8DF4A8A2664F85400256643 /* YouTubeUI_CloneUITests.swift */ = {isa = PBXFileReference; lastKnownFileType = sourcecode.swift; path = YouTubeUI_CloneUITests.swift; sourceTree = "<group>"; };
		A8DF4A8C2664F85400256643 /* Info.plist */ = {isa = PBXFileReference; lastKnownFileType = text.plist.xml; path = Info.plist; sourceTree = "<group>"; };
/* End PBXFileReference section */

/* Begin PBXFrameworksBuildPhase section */
		A8DF4A672664F85100256643 /* Frameworks */ = {
			isa = PBXFrameworksBuildPhase;
			buildActionMask = 2147483647;
			files = (
			);
			runOnlyForDeploymentPostprocessing = 0;
		};
		A8DF4A782664F85400256643 /* Frameworks */ = {
			isa = PBXFrameworksBuildPhase;
			buildActionMask = 2147483647;
			files = (
			);
			runOnlyForDeploymentPostprocessing = 0;
		};
		A8DF4A832664F85400256643 /* Frameworks */ = {
			isa = PBXFrameworksBuildPhase;
			buildActionMask = 2147483647;
			files = (
			);
			runOnlyForDeploymentPostprocessing = 0;
		};
/* End PBXFrameworksBuildPhase section */

/* Begin PBXGroup section */
		A8DF4A612664F85100256643 = {
			isa = PBXGroup;
			children = (
				A8DF4A6C2664F85100256643 /* YouTubeUI Clone */,
				A8DF4A7E2664F85400256643 /* YouTubeUI CloneTests */,
				A8DF4A892664F85400256643 /* YouTubeUI CloneUITests */,
				A8DF4A6B2664F85100256643 /* Products */,
			);
			sourceTree = "<group>";
		};
		A8DF4A6B2664F85100256643 /* Products */ = {
			isa = PBXGroup;
			children = (
				A8DF4A6A2664F85100256643 /* YouTubeUI Clone.app */,
				A8DF4A7B2664F85400256643 /* YouTubeUI CloneTests.xctest */,
				A8DF4A862664F85400256643 /* YouTubeUI CloneUITests.xctest */,
			);
			name = Products;
			sourceTree = "<group>";
		};
		A8DF4A6C2664F85100256643 /* YouTubeUI Clone */ = {
			isa = PBXGroup;
			children = (
				A8DF4A6D2664F85100256643 /* YouTubeUI_CloneApp.swift */,
				A8DF4A6F2664F85100256643 /* ContentView.swift */,
				A8DF4A712664F85300256643 /* Assets.xcassets */,
				A8DF4A762664F85300256643 /* Info.plist */,
				A8DF4A732664F85300256643 /* Preview Content */,
			);
			path = "YouTubeUI Clone";
			sourceTree = "<group>";
		};
		A8DF4A732664F85300256643 /* Preview Content */ = {
			isa = PBXGroup;
			children = (
				A8DF4A742664F85300256643 /* Preview Assets.xcassets */,
			);
			path = "Preview Content";
			sourceTree = "<group>";
		};
		A8DF4A7E2664F85400256643 /* YouTubeUI CloneTests */ = {
			isa = PBXGroup;
			children = (
				A8DF4A7F2664F85400256643 /* YouTubeUI_CloneTests.swift */,
				A8DF4A812664F85400256643 /* Info.plist */,
			);
			path = "YouTubeUI CloneTests";
			sourceTree = "<group>";
		};
		A8DF4A892664F85400256643 /* YouTubeUI CloneUITests */ = {
			isa = PBXGroup;
			children = (
				A8DF4A8A2664F85400256643 /* YouTubeUI_CloneUITests.swift */,
				A8DF4A8C2664F85400256643 /* Info.plist */,
			);
			path = "YouTubeUI CloneUITests";
			sourceTree = "<group>";
		};
/* End PBXGroup section */

/* Begin PBXNativeTarget section */
		A8DF4A692664F85100256643 /* YouTubeUI Clone */ = {
			isa = PBXNativeTarget;
			buildConfigurationList = A8DF4A8F2664F85400256643 /* Build configuration list for PBXNativeTarget "YouTubeUI Clone" */;
			buildPhases = (
				A8DF4A662664F85100256643 /* Sources */,
				A8DF4A672664F85100256643 /* Frameworks */,
				A8DF4A682664F85100256643 /* Resources */,
			);
			buildRules = (
			);
			dependencies = (
			);
			name = "YouTubeUI Clone";
			productName = "YouTubeUI Clone";
			productReference = A8DF4A6A2664F85100256643 /* YouTubeUI Clone.app */;
			productType = "com.apple.product-type.application";
		};
		A8DF4A7A2664F85400256643 /* YouTubeUI CloneTests */ = {
			isa = PBXNativeTarget;
			buildConfigurationList = A8DF4A922664F85400256643 /* Build configuration list for PBXNativeTarget "YouTubeUI CloneTests" */;
			buildPhases = (
				A8DF4A772664F85400256643 /* Sources */,
				A8DF4A782664F85400256643 /* Frameworks */,
				A8DF4A792664F85400256643 /* Resources */,
			);
			buildRules = (
			);
			dependencies = (
				A8DF4A7D2664F85400256643 /* PBXTargetDependency */,
			);
			name = "YouTubeUI CloneTests";
			productName = "YouTubeUI CloneTests";
			productReference = A8DF4A7B2664F85400256643 /* YouTubeUI CloneTests.xctest */;
			productType = "com.apple.product-type.bundle.unit-test";
		};
		A8DF4A852664F85400256643 /* YouTubeUI CloneUITests */ = {
			isa = PBXNativeTarget;
			buildConfigurationList = A8DF4A952664F85400256643 /* Build configuration list for PBXNativeTarget "YouTubeUI CloneUITests" */;
			buildPhases = (
				A8DF4A822664F85400256643 /* Sources */,
				A8DF4A832664F85400256643 /* Frameworks */,
				A8DF4A842664F85400256643 /* Resources */,
			);
			buildRules = (
			);
			dependencies = (
				A8DF4A882664F85400256643 /* PBXTargetDependency */,
			);
			name = "YouTubeUI CloneUITests";
			productName = "YouTubeUI CloneUITests";
			productReference = A8DF4A862664F85400256643 /* YouTubeUI CloneUITests.xctest */;
			productType = "com.apple.product-type.bundle.ui-testing";
		};
/* End PBXNativeTarget section */

/* Begin PBXProject section */
		A8DF4A622664F85100256643 /* Project object */ = {
			isa = PBXProject;
			attributes = {
				LastSwiftUpdateCheck = 1250;
				LastUpgradeCheck = 1250;
				TargetAttributes = {
					A8DF4A692664F85100256643 = {
						CreatedOnToolsVersion = 12.5;
					};
					A8DF4A7A2664F85400256643 = {
						CreatedOnToolsVersion = 12.5;
						TestTargetID = A8DF4A692664F85100256643;
					};
					A8DF4A852664F85400256643 = {
						CreatedOnToolsVersion = 12.5;
						TestTargetID = A8DF4A692664F85100256643;
					};
				};
			};
			buildConfigurationList = A8DF4A652664F85100256643 /* Build configuration list for PBXProject "YouTubeUI Clone" */;
			compatibilityVersion = "Xcode 9.3";
			developmentRegion = en;
			hasScannedForEncodings = 0;
			knownRegions = (
				en,
				Base,
			);
			mainGroup = A8DF4A612664F85100256643;
			productRefGroup = A8DF4A6B2664F85100256643 /* Products */;
			projectDirPath = "";
			projectRoot = "";
			targets = (
				A8DF4A692664F85100256643 /* YouTubeUI Clone */,
				A8DF4A7A2664F85400256643 /* YouTubeUI CloneTests */,
				A8DF4A852664F85400256643 /* YouTubeUI CloneUITests */,
			);
		};
/* End PBXProject section */

/* Begin PBXResourcesBuildPhase section */
		A8DF4A682664F85100256643 /* Resources */ = {
			isa = PBXResourcesBuildPhase;
			buildActionMask = 2147483647;
			files = (
				A8DF4A752664F85300256643 /* Preview Assets.xcassets in Resources */,
				A8DF4A722664F85300256643 /* Assets.xcassets in Resources */,
			);
			runOnlyForDeploymentPostprocessing = 0;
		};
		A8DF4A792664F85400256643 /* Resources */ = {
			isa = PBXResourcesBuildPhase;
			buildActionMask = 2147483647;
			files = (
			);
			runOnlyForDeploymentPostprocessing = 0;
		};
		A8DF4A842664F85400256643 /* Resources */ = {
			isa = PBXResourcesBuildPhase;
			buildActionMask = 2147483647;
			files = (
			);
			runOnlyForDeploymentPostprocessing = 0;
		};
/* End PBXResourcesBuildPhase section */

/* Begin PBXSourcesBuildPhase section */
		A8DF4A662664F85100256643 /* Sources */ = {
			isa = PBXSourcesBuildPhase;
			buildActionMask = 2147483647;
			files = (
				A8DF4A702664F85100256643 /* ContentView.swift in Sources */,
				A8DF4A6E2664F85100256643 /* YouTubeUI_CloneApp.swift in Sources */,
			);
			runOnlyForDeploymentPostprocessing = 0;
		};
		A8DF4A772664F85400256643 /* Sources */ = {
			isa = PBXSourcesBuildPhase;
			buildActionMask = 2147483647;
			files = (
				A8DF4A802664F85400256643 /* YouTubeUI_CloneTests.swift in Sources */,
			);
			runOnlyForDeploymentPostprocessing = 0;
		};
		A8DF4A822664F85400256643 /* Sources */ = {
			isa = PBXSourcesBuildPhase;
			buildActionMask = 2147483647;
			files = (
				A8DF4A8B2664F85400256643 /* YouTubeUI_CloneUITests.swift in Sources */,
			);
			runOnlyForDeploymentPostprocessing = 0;
		};
/* End PBXSourcesBuildPhase section */

/* Begin PBXTargetDependency section */
		A8DF4A7D2664F85400256643 /* PBXTargetDependency */ = {
			isa = PBXTargetDependency;
			target = A8DF4A692664F85100256643 /* YouTubeUI Clone */;
			targetProxy = A8DF4A7C2664F85400256643 /* PBXContainerItemProxy */;
		};
		A8DF4A882664F85400256643 /* PBXTargetDependency */ = {
			isa = PBXTargetDependency;
			target = A8DF4A692664F85100256643 /* YouTubeUI Clone */;
			targetProxy = A8DF4A872664F85400256643 /* PBXContainerItemProxy */;
		};
/* End PBXTargetDependency section */

/* Begin XCBuildConfiguration section */
		A8DF4A8D2664F85400256643 /* Debug */ = {
			isa = XCBuildConfiguration;
			buildSettings = {
				ALWAYS_SEARCH_USER_PATHS = NO;
				CLANG_ANALYZER_NONNULL = YES;
				CLANG_ANALYZER_NUMBER_OBJECT_CONVERSION = YES_AGGRESSIVE;
				CLANG_CXX_LANGUAGE_STANDARD = "gnu++14";
				CLANG_CXX_LIBRARY = "libc++";
				CLANG_ENABLE_MODULES = YES;
				CLANG_ENABLE_OBJC_ARC = YES;
				CLANG_ENABLE_OBJC_WEAK = YES;
				CLANG_WARN_BLOCK_CAPTURE_AUTORELEASING = YES;
				CLANG_WARN_BOOL_CONVERSION = YES;
				CLANG_WARN_COMMA = YES;
				CLANG_WARN_CONSTANT_CONVERSION = YES;
				CLANG_WARN_DEPRECATED_OBJC_IMPLEMENTATIONS = YES;
				CLANG_WARN_DIRECT_OBJC_ISA_USAGE = YES_ERROR;
				CLANG_WARN_DOCUMENTATION_COMMENTS = YES;
				CLANG_WARN_EMPTY_BODY = YES;
				CLANG_WARN_ENUM_CONVERSION = YES;
				CLANG_WARN_INFINITE_RECURSION = YES;
				CLANG_WARN_INT_CONVERSION = YES;
				CLANG_WARN_NON_LITERAL_NULL_CONVERSION = YES;
				CLANG_WARN_OBJC_IMPLICIT_RETAIN_SELF = YES;
				CLANG_WARN_OBJC_LITERAL_CONVERSION = YES;
				CLANG_WARN_OBJC_ROOT_CLASS = YES_ERROR;
				CLANG_WARN_QUOTED_INCLUDE_IN_FRAMEWORK_HEADER = YES;
				CLANG_WARN_RANGE_LOOP_ANALYSIS = YES;
				CLANG_WARN_STRICT_PROTOTYPES = YES;
				CLANG_WARN_SUSPICIOUS_MOVE = YES;
				CLANG_WARN_UNGUARDED_AVAILABILITY = YES_AGGRESSIVE;
				CLANG_WARN_UNREACHABLE_CODE = YES;
				CLANG_WARN__DUPLICATE_METHOD_MATCH = YES;
				COPY_PHASE_STRIP = NO;
				DEBUG_INFORMATION_FORMAT = dwarf;
				ENABLE_STRICT_OBJC_MSGSEND = YES;
				ENABLE_TESTABILITY = YES;
				GCC_C_LANGUAGE_STANDARD = gnu11;
				GCC_DYNAMIC_NO_PIC = NO;
				GCC_NO_COMMON_BLOCKS = YES;
				GCC_OPTIMIZATION_LEVEL = 0;
				GCC_PREPROCESSOR_DEFINITIONS = (
					"DEBUG=1",
					"$(inherited)",
				);
				GCC_WARN_64_TO_32_BIT_CONVERSION = YES;
				GCC_WARN_ABOUT_RETURN_TYPE = YES_ERROR;
				GCC_WARN_UNDECLARED_SELECTOR = YES;
				GCC_WARN_UNINITIALIZED_AUTOS = YES_AGGRESSIVE;
				GCC_WARN_UNUSED_FUNCTION = YES;
				GCC_WARN_UNUSED_VARIABLE = YES;
				IPHONEOS_DEPLOYMENT_TARGET = 14.5;
				MTL_ENABLE_DEBUG_INFO = INCLUDE_SOURCE;
				MTL_FAST_MATH = YES;
				ONLY_ACTIVE_ARCH = YES;
				SDKROOT = iphoneos;
				SWIFT_ACTIVE_COMPILATION_CONDITIONS = DEBUG;
				SWIFT_OPTIMIZATION_LEVEL = "-Onone";
			};
			name = Debug;
		};
		A8DF4A8E2664F85400256643 /* Release */ = {
			isa = XCBuildConfiguration;
			buildSettings = {
				ALWAYS_SEARCH_USER_PATHS = NO;
				CLANG_ANALYZER_NONNULL = YES;
				CLANG_ANALYZER_NUMBER_OBJECT_CONVERSION = YES_AGGRESSIVE;
				CLANG_CXX_LANGUAGE_STANDARD = "gnu++14";
				CLANG_CXX_LIBRARY = "libc++";
				CLANG_ENABLE_MODULES = YES;
				CLANG_ENABLE_OBJC_ARC = YES;
				CLANG_ENABLE_OBJC_WEAK = YES;
				CLANG_WARN_BLOCK_CAPTURE_AUTORELEASING = YES;
				CLANG_WARN_BOOL_CONVERSION = YES;
				CLANG_WARN_COMMA = YES;
				CLANG_WARN_CONSTANT_CONVERSION = YES;
				CLANG_WARN_DEPRECATED_OBJC_IMPLEMENTATIONS = YES;
				CLANG_WARN_DIRECT_OBJC_ISA_USAGE = YES_ERROR;
				CLANG_WARN_DOCUMENTATION_COMMENTS = YES;
				CLANG_WARN_EMPTY_BODY = YES;
				CLANG_WARN_ENUM_CONVERSION = YES;
				CLANG_WARN_INFINITE_RECURSION = YES;
				CLANG_WARN_INT_CONVERSION = YES;
				CLANG_WARN_NON_LITERAL_NULL_CONVERSION = YES;
				CLANG_WARN_OBJC_IMPLICIT_RETAIN_SELF = YES;
				CLANG_WARN_OBJC_LITERAL_CONVERSION = YES;
				CLANG_WARN_OBJC_ROOT_CLASS = YES_ERROR;
				CLANG_WARN_QUOTED_INCLUDE_IN_FRAMEWORK_HEADER = YES;
				CLANG_WARN_RANGE_LOOP_ANALYSIS = YES;
				CLANG_WARN_STRICT_PROTOTYPES = YES;
				CLANG_WARN_SUSPICIOUS_MOVE = YES;
				CLANG_WARN_UNGUARDED_AVAILABILITY = YES_AGGRESSIVE;
				CLANG_WARN_UNREACHABLE_CODE = YES;
				CLANG_WARN__DUPLICATE_METHOD_MATCH = YES;
				COPY_PHASE_STRIP = NO;
				DEBUG_INFORMATION_FORMAT = "dwarf-with-dsym";
				ENABLE_NS_ASSERTIONS = NO;
				ENABLE_STRICT_OBJC_MSGSEND = YES;
				GCC_C_LANGUAGE_STANDARD = gnu11;
				GCC_NO_COMMON_BLOCKS = YES;
				GCC_WARN_64_TO_32_BIT_CONVERSION = YES;
				GCC_WARN_ABOUT_RETURN_TYPE = YES_ERROR;
				GCC_WARN_UNDECLARED_SELECTOR = YES;
				GCC_WARN_UNINITIALIZED_AUTOS = YES_AGGRESSIVE;
				GCC_WARN_UNUSED_FUNCTION = YES;
				GCC_WARN_UNUSED_VARIABLE = YES;
				IPHONEOS_DEPLOYMENT_TARGET = 14.5;
				MTL_ENABLE_DEBUG_INFO = NO;
				MTL_FAST_MATH = YES;
				SDKROOT = iphoneos;
				SWIFT_COMPILATION_MODE = wholemodule;
				SWIFT_OPTIMIZATION_LEVEL = "-O";
				VALIDATE_PRODUCT = YES;
			};
			name = Release;
		};
		A8DF4A902664F85400256643 /* Debug */ = {
			isa = XCBuildConfiguration;
			buildSettings = {
				ASSETCATALOG_COMPILER_APPICON_NAME = AppIcon;
				ASSETCATALOG_COMPILER_GLOBAL_ACCENT_COLOR_NAME = AccentColor;
				CODE_SIGN_STYLE = Automatic;
				DEVELOPMENT_ASSET_PATHS = "\"YouTubeUI Clone/Preview Content\"";
				DEVELOPMENT_TEAM = ZMXTCSPNUZ;
				ENABLE_PREVIEWS = YES;
				INFOPLIST_FILE = "YouTubeUI Clone/Info.plist";
				IPHONEOS_DEPLOYMENT_TARGET = 14.0;
				LD_RUNPATH_SEARCH_PATHS = (
					"$(inherited)",
					"@executable_path/Frameworks",
				);
				PRODUCT_BUNDLE_IDENTIFIER = "ITlearning.YouTubeUI-Clone";
				PRODUCT_NAME = "$(TARGET_NAME)";
				SWIFT_VERSION = 5.0;
				TARGETED_DEVICE_FAMILY = "1,2";
			};
			name = Debug;
		};
		A8DF4A912664F85400256643 /* Release */ = {
			isa = XCBuildConfiguration;
			buildSettings = {
				ASSETCATALOG_COMPILER_APPICON_NAME = AppIcon;
				ASSETCATALOG_COMPILER_GLOBAL_ACCENT_COLOR_NAME = AccentColor;
				CODE_SIGN_STYLE = Automatic;
				DEVELOPMENT_ASSET_PATHS = "\"YouTubeUI Clone/Preview Content\"";
				DEVELOPMENT_TEAM = ZMXTCSPNUZ;
				ENABLE_PREVIEWS = YES;
				INFOPLIST_FILE = "YouTubeUI Clone/Info.plist";
				IPHONEOS_DEPLOYMENT_TARGET = 14.0;
				LD_RUNPATH_SEARCH_PATHS = (
					"$(inherited)",
					"@executable_path/Frameworks",
				);
				PRODUCT_BUNDLE_IDENTIFIER = "ITlearning.YouTubeUI-Clone";
				PRODUCT_NAME = "$(TARGET_NAME)";
				SWIFT_VERSION = 5.0;
				TARGETED_DEVICE_FAMILY = "1,2";
			};
			name = Release;
		};
		A8DF4A932664F85400256643 /* Debug */ = {
			isa = XCBuildConfiguration;
			buildSettings = {
				ALWAYS_EMBED_SWIFT_STANDARD_LIBRARIES = YES;
				BUNDLE_LOADER = "$(TEST_HOST)";
				CODE_SIGN_STYLE = Automatic;
				DEVELOPMENT_TEAM = ZMXTCSPNUZ;
				INFOPLIST_FILE = "YouTubeUI CloneTests/Info.plist";
				IPHONEOS_DEPLOYMENT_TARGET = 14.0;
				LD_RUNPATH_SEARCH_PATHS = (
					"$(inherited)",
					"@executable_path/Frameworks",
					"@loader_path/Frameworks",
				);
				PRODUCT_BUNDLE_IDENTIFIER = "ITlearning.YouTubeUI-CloneTests";
				PRODUCT_NAME = "$(TARGET_NAME)";
				SWIFT_VERSION = 5.0;
				TARGETED_DEVICE_FAMILY = "1,2";
				TEST_HOST = "$(BUILT_PRODUCTS_DIR)/YouTubeUI Clone.app/YouTubeUI Clone";
			};
			name = Debug;
		};
		A8DF4A942664F85400256643 /* Release */ = {
			isa = XCBuildConfiguration;
			buildSettings = {
				ALWAYS_EMBED_SWIFT_STANDARD_LIBRARIES = YES;
				BUNDLE_LOADER = "$(TEST_HOST)";
				CODE_SIGN_STYLE = Automatic;
				DEVELOPMENT_TEAM = ZMXTCSPNUZ;
				INFOPLIST_FILE = "YouTubeUI CloneTests/Info.plist";
				IPHONEOS_DEPLOYMENT_TARGET = 14.0;
				LD_RUNPATH_SEARCH_PATHS = (
					"$(inherited)",
					"@executable_path/Frameworks",
					"@loader_path/Frameworks",
				);
				PRODUCT_BUNDLE_IDENTIFIER = "ITlearning.YouTubeUI-CloneTests";
				PRODUCT_NAME = "$(TARGET_NAME)";
				SWIFT_VERSION = 5.0;
				TARGETED_DEVICE_FAMILY = "1,2";
				TEST_HOST = "$(BUILT_PRODUCTS_DIR)/YouTubeUI Clone.app/YouTubeUI Clone";
			};
			name = Release;
		};
		A8DF4A962664F85400256643 /* Debug */ = {
			isa = XCBuildConfiguration;
			buildSettings = {
				ALWAYS_EMBED_SWIFT_STANDARD_LIBRARIES = YES;
				CODE_SIGN_STYLE = Automatic;
				DEVELOPMENT_TEAM = ZMXTCSPNUZ;
				INFOPLIST_FILE = "YouTubeUI CloneUITests/Info.plist";
				LD_RUNPATH_SEARCH_PATHS = (
					"$(inherited)",
					"@executable_path/Frameworks",
					"@loader_path/Frameworks",
				);
				PRODUCT_BUNDLE_IDENTIFIER = "ITlearning.YouTubeUI-CloneUITests";
				PRODUCT_NAME = "$(TARGET_NAME)";
				SWIFT_VERSION = 5.0;
				TARGETED_DEVICE_FAMILY = "1,2";
				TEST_TARGET_NAME = "YouTubeUI Clone";
			};
			name = Debug;
		};
		A8DF4A972664F85400256643 /* Release */ = {
			isa = XCBuildConfiguration;
			buildSettings = {
				ALWAYS_EMBED_SWIFT_STANDARD_LIBRARIES = YES;
				CODE_SIGN_STYLE = Automatic;
				DEVELOPMENT_TEAM = ZMXTCSPNUZ;
				INFOPLIST_FILE = "YouTubeUI CloneUITests/Info.plist";
				LD_RUNPATH_SEARCH_PATHS = (
					"$(inherited)",
					"@executable_path/Frameworks",
					"@loader_path/Frameworks",
				);
				PRODUCT_BUNDLE_IDENTIFIER = "ITlearning.YouTubeUI-CloneUITests";
				PRODUCT_NAME = "$(TARGET_NAME)";
				SWIFT_VERSION = 5.0;
				TARGETED_DEVICE_FAMILY = "1,2";
				TEST_TARGET_NAME = "YouTubeUI Clone";
			};
			name = Release;
		};
/* End XCBuildConfiguration section */

/* Begin XCConfigurationList section */
		A8DF4A652664F85100256643 /* Build configuration list for PBXProject "YouTubeUI Clone" */ = {
			isa = XCConfigurationList;
			buildConfigurations = (
				A8DF4A8D2664F85400256643 /* Debug */,
				A8DF4A8E2664F85400256643 /* Release */,
			);
			defaultConfigurationIsVisible = 0;
			defaultConfigurationName = Release;
		};
		A8DF4A8F2664F85400256643 /* Build configuration list for PBXNativeTarget "YouTubeUI Clone" */ = {
			isa = XCConfigurationList;
			buildConfigurations = (
				A8DF4A902664F85400256643 /* Debug */,
				A8DF4A912664F85400256643 /* Release */,
			);
			defaultConfigurationIsVisible = 0;
			defaultConfigurationName = Release;
		};
		A8DF4A922664F85400256643 /* Build configuration list for PBXNativeTarget "YouTubeUI CloneTests" */ = {
			isa = XCConfigurationList;
			buildConfigurations = (
				A8DF4A932664F85400256643 /* Debug */,
				A8DF4A942664F85400256643 /* Release */,
			);
			defaultConfigurationIsVisible = 0;
			defaultConfigurationName = Release;
		};
		A8DF4A952664F85400256643 /* Build configuration list for PBXNativeTarget "YouTubeUI CloneUITests" */ = {
			isa = XCConfigurationList;
			buildConfigurations = (
				A8DF4A962664F85400256643 /* Debug */,
				A8DF4A972664F85400256643 /* Release */,
			);
			defaultConfigurationIsVisible = 0;
			defaultConfigurationName = Release;
		};
/* End XCConfigurationList section */
	};
	rootObject = A8DF4A622664F85100256643 /* Project object */;
}
